
Microsoft Visual Studio Solution File, Format Version 12.00
# Visual Studio Version 17
VisualStudioVersion = 17.4.33205.214
MinimumVisualStudioVersion = 10.0.40219.1
Project("{FAE04EC0-301F-11D3-BF4B-00C04F79EFBC}") = "exam16", "exam16\exam16.csproj", "{506002F5-A832-42AF-B991-7430762EC7C6}"
EndProject
Global
	GlobalSection(SolutionConfigurationPlatforms) = preSolution
		Debug|Any CPU = Debug|Any CPU
		Release|Any CPU = Release|Any CPU
	EndGlobalSection
	GlobalSection(ProjectConfigurationPlatforms) = postSolution
		{506002F5-A832-42AF-B991-7430762EC7C6}.Debug|Any CPU.ActiveCfg = Debug|Any CPU
		{506002F5-A832-42AF-B991-7430762EC7C6}.Debug|Any CPU.Build.0 = Debug|Any CPU
		{506002F5-A832-42AF-B991-7430762EC7C6}.Release|Any CPU.ActiveCfg = Release|Any CPU
		{506002F5-A832-42AF-B991-7430762EC7C6}.Release|Any CPU.Build.0 = Release|Any CPU
	EndGlobalSection
	GlobalSection(SolutionProperties) = preSolution
		HideSolutionNode = FALSE
	EndGlobalSection
	GlobalSection(ExtensibilityGlobals) = postSolution
		SolutionGuid = {C3414445-0EE3-4122-850C-92CF2AFE51EA}
	EndGlobalSection
EndGlobal
